
Microsoft Visual Studio Solution File, Format Version 12.00
# Visual Studio Version 17
VisualStudioVersion = 17.0.31903.59
MinimumVisualStudioVersion = 10.0.40219.1
Project("{2150E333-8FDC-42A3-9474-1A3956D46DE8}") = "src", "src", "{C34D5C4D-8F87-4A05-816D-1B33E646A8D8}"
EndProject
Project("{FAE04EC0-301F-11D3-BF4B-00C04F79EFBC}") = "AzurateMirror.Sender", "src\AzurateMirror.Sender\AzurateMirror.Sender.csproj", "{D74E3EDA-8A2F-42EE-8AF7-5BA0C85B58EC}"
EndProject
Global
	GlobalSection(SolutionConfigurationPlatforms) = preSolution
		Debug|Any CPU = Debug|Any CPU
		Release|Any CPU = Release|Any CPU
	EndGlobalSection
	GlobalSection(SolutionProperties) = preSolution
		HideSolutionNode = FALSE
	EndGlobalSection
	GlobalSection(ProjectConfigurationPlatforms) = postSolution
		{D74E3EDA-8A2F-42EE-8AF7-5BA0C85B58EC}.Debug|Any CPU.ActiveCfg = Debug|Any CPU
		{D74E3EDA-8A2F-42EE-8AF7-5BA0C85B58EC}.Debug|Any CPU.Build.0 = Debug|Any CPU
		{D74E3EDA-8A2F-42EE-8AF7-5BA0C85B58EC}.Release|Any CPU.ActiveCfg = Release|Any CPU
		{D74E3EDA-8A2F-42EE-8AF7-5BA0C85B58EC}.Release|Any CPU.Build.0 = Release|Any CPU
	EndGlobalSection
	GlobalSection(NestedProjects) = preSolution
		{D74E3EDA-8A2F-42EE-8AF7-5BA0C85B58EC} = {C34D5C4D-8F87-4A05-816D-1B33E646A8D8}
	EndGlobalSection
EndGlobal
